
Microsoft Visual Studio Solution File, Format Version 12.00
# Visual Studio Version 17
VisualStudioVersion = 17.8.34309.116
MinimumVisualStudioVersion = 10.0.40219.1
Project("{FAE04EC0-301F-11D3-BF4B-00C04F79EFBC}") = "MiTienda", "MiTienda\MiTienda.csproj", "{60113182-07D5-4558-ADDB-EB1E1E38CB3F}"
EndProject
Global
	GlobalSection(SolutionConfigurationPlatforms) = preSolution
		Debug|Any CPU = Debug|Any CPU
		Release|Any CPU = Release|Any CPU
	EndGlobalSection
	GlobalSection(ProjectConfigurationPlatforms) = postSolution
		{60113182-07D5-4558-ADDB-EB1E1E38CB3F}.Debug|Any CPU.ActiveCfg = Debug|Any CPU
		{60113182-07D5-4558-ADDB-EB1E1E38CB3F}.Debug|Any CPU.Build.0 = Debug|Any CPU
		{60113182-07D5-4558-ADDB-EB1E1E38CB3F}.Release|Any CPU.ActiveCfg = Release|Any CPU
		{60113182-07D5-4558-ADDB-EB1E1E38CB3F}.Release|Any CPU.Build.0 = Release|Any CPU
	EndGlobalSection
	GlobalSection(SolutionProperties) = preSolution
		HideSolutionNode = FALSE
	EndGlobalSection
	GlobalSection(ExtensibilityGlobals) = postSolution
		SolutionGuid = {F0E7E52C-8384-4334-A3A7-21EF1D9739EB}
	EndGlobalSection
EndGlobal
